annotated-types==0.8.0
    # via pydantic
anyio==4.15.1
    # via httpx
certifi==2026.7.22
    # via
    #   httpcore
    #   httpx
charset-normalizer==3.5.1
    # via reportlab
contourpy==1.3.2
    # via matplotlib
cycler==0.12.1
    # via matplotlib
exceptiongroup==1.3.1
    # via anyio
fonttools==4.65.0
    # via matplotlib
h11==0.16.0
    # via httpcore
httpcore==1.0.9
    # via httpx
httpx==0.28.1
    # via wiki-market-intel (pyproject.toml)
idna==3.20
    # via
    #   anyio
    #   httpx
jinja2==3.1.6
    # via wiki-market-intel (pyproject.toml)
kiwisolver==1.5.1
    # via matplotlib
markupsafe==3.0.3
    # via jinja2
matplotlib==3.10.9
    # via wiki-market-intel (pyproject.toml)
numpy==2.2.6
    # via
    #   contourpy
    #   matplotlib
packaging==26.3
    # via matplotlib
pillow==12.3.0
    # via
    #   matplotlib
    #   reportlab
pydantic==2.13.5
    # via wiki-market-intel (pyproject.toml)
pydantic-core==2.46.5
    # via pydantic
pyparsing==3.3.3
    # via matplotlib
python-dateutil==2.9.0.post0
    # via
    #   wiki-market-intel (pyproject.toml)
    #   matplotlib
pyyaml==6.0.3
    # via wiki-market-intel (pyproject.toml)
reportlab==5.0.1
    # via wiki-market-intel (pyproject.toml)
six==1.17.0
    # via python-dateutil
tenacity==9.1.4
    # via wiki-market-intel (pyproject.toml)
typing-extensions==4.16.0
    # via
    #   anyio
    #   exceptiongroup
    #   pydantic
    #   pydantic-core
    #   typing-inspection
typing-inspection==0.4.4
    # via pydantic
